
Microsoft Visual Studio Solution File, Format Version 12.00
# Visual Studio Version 17
VisualStudioVersion = 17.7.34024.191
MinimumVisualStudioVersion = 10.0.40219.1
Project("{9A19103F-16F7-4668-BE54-9A1E7A4F7556}") = "Lab1", "Lab1\Lab1.csproj", "{96DECE35-6C2A-46FF-9CB3-1EBC2A05E77B}"
EndProject
Project("{9A19103F-16F7-4668-BE54-9A1E7A4F7556}") = "PersonLibrary", "PersonLibrary\PersonLibrary.csproj", "{C2EF8ED0-7B70-4157-AB33-808908FC69D6}"
EndProject
Global
	GlobalSection(SolutionConfigurationPlatforms) = preSolution
		Debug|Any CPU = Debug|Any CPU
		Release|Any CPU = Release|Any CPU
	EndGlobalSection
	GlobalSection(ProjectConfigurationPlatforms) = postSolution
		{96DECE35-6C2A-46FF-9CB3-1EBC2A05E77B}.Debug|Any CPU.ActiveCfg = Debug|Any CPU
		{96DECE35-6C2A-46FF-9CB3-1EBC2A05E77B}.Debug|Any CPU.Build.0 = Debug|Any CPU
		{96DECE35-6C2A-46FF-9CB3-1EBC2A05E77B}.Release|Any CPU.ActiveCfg = Release|Any CPU
		{96DECE35-6C2A-46FF-9CB3-1EBC2A05E77B}.Release|Any CPU.Build.0 = Release|Any CPU
		{C2EF8ED0-7B70-4157-AB33-808908FC69D6}.Debug|Any CPU.ActiveCfg = Debug|Any CPU
		{C2EF8ED0-7B70-4157-AB33-808908FC69D6}.Debug|Any CPU.Build.0 = Debug|Any CPU
		{C2EF8ED0-7B70-4157-AB33-808908FC69D6}.Release|Any CPU.ActiveCfg = Release|Any CPU
		{C2EF8ED0-7B70-4157-AB33-808908FC69D6}.Release|Any CPU.Build.0 = Release|Any CPU
	EndGlobalSection
	GlobalSection(SolutionProperties) = preSolution
		HideSolutionNode = FALSE
	EndGlobalSection
	GlobalSection(ExtensibilityGlobals) = postSolution
		SolutionGuid = {58D09BD3-7D51-4020-8FC2-B3B09EF826D0}
	EndGlobalSection
EndGlobal
